{
  "name": "music-pack-helper",
  "version": "1.0.0",
  "lockfileVersion": 3,
  "requires": true,
  "packages": {
    "": {
      "name": "music-pack-helper",
      "version": "1.0.0",
      "license": "MIT",
      "dependencies": {
        "public-google-sheets-parser": "^1.5.4",
        "ytdl-core": "npm:@distube/ytdl-core"
      }
    },
    "node_modules/agent-base": {
      "version": "7.1.3",
      "license": "MIT",
      "engines": {
        "node": ">= 14"
      }
    },
    "node_modules/debug": {
      "version": "4.4.0",
      "license": "MIT",
      "dependencies": {
        "ms": "^2.1.3"
      },
      "engines": {
        "node": ">=6.0"
      },
      "peerDependenciesMeta": {
        "supports-color": {
          "optional": true
        }
      }
    },
    "node_modules/http-cookie-agent": {
      "version": "6.0.8",
      "license": "MIT",
      "dependencies": {
        "agent-base": "^7.1.3"
      },
      "engines": {
        "node": ">=18.0.0"
      },
      "funding": {
        "url": "https://github.com/sponsors/3846masa"
      },
      "peerDependencies": {
        "tough-cookie": "^4.0.0 || ^5.0.0",
        "undici": "^5.11.0 || ^6.0.0"
      },
      "peerDependenciesMeta": {
        "undici": {
          "optional": true
        }
      }
    },
    "node_modules/https-proxy-agent": {
      "version": "7.0.6",
      "license": "MIT",
      "dependencies": {
        "agent-base": "^7.1.2",
        "debug": "4"
      },
      "engines": {
        "node": ">= 14"
      }
    },
    "node_modules/m3u8stream": {
      "version": "0.8.6",
      "license": "MIT",
      "dependencies": {
        "miniget": "^4.2.2",
        "sax": "^1.2.4"
      },
      "engines": {
        "node": ">=12"
      }
    },
    "node_modules/miniget": {
      "version": "4.2.3",
      "license": "MIT",
      "engines": {
        "node": ">=12"
      }
    },
    "node_modules/ms": {
      "version": "2.1.3",
      "license": "MIT"
    },
    "node_modules/public-google-sheets-parser": {
      "version": "1.5.4",
      "license": "MIT"
    },
    "node_modules/sax": {
      "version": "1.4.1",
      "license": "ISC"
    },
    "node_modules/tldts": {
      "version": "6.1.79",
      "license": "MIT",
      "dependencies": {
        "tldts-core": "^6.1.79"
      },
      "bin": {
        "tldts": "bin/cli.js"
      }
    },
    "node_modules/tldts-core": {
      "version": "6.1.79",
      "license": "MIT"
    },
    "node_modules/tough-cookie": {
      "version": "5.1.2",
      "license": "BSD-3-Clause",
      "dependencies": {
        "tldts": "^6.1.32"
      },
      "engines": {
        "node": ">=16"
      }
    },
    "node_modules/undici": {
      "version": "6.21.1",
      "resolved": "https://registry.npmjs.org/undici/-/undici-6.21.1.tgz",
      "integrity": "sha512-q/1rj5D0/zayJB2FraXdaWxbhWiNKDvu8naDT2dl1yTlvJp4BLtOcp2a5BvgGNQpYYJzau7tf1WgKv3b+7mqpQ==",
      "license": "MIT",
      "optional": true,
      "peer": true,
      "engines": {
        "node": ">=18.17"
      }
    },
    "node_modules/ytdl-core": {
      "name": "@distube/ytdl-core",
      "version": "4.16.4",
      "license": "MIT",
      "dependencies": {
        "http-cookie-agent": "^6.0.8",
        "https-proxy-agent": "^7.0.6",
        "m3u8stream": "^0.8.6",
        "miniget": "^4.2.3",
        "sax": "^1.4.1",
        "tough-cookie": "^5.1.0",
        "undici": "^7.3.0"
      },
      "engines": {
        "node": ">=20.18.1"
      },
      "funding": {
        "url": "https://github.com/distubejs/ytdl-core?sponsor"
      }
    },
    "node_modules/ytdl-core/node_modules/undici": {
      "version": "7.4.0",
      "resolved": "https://registry.npmjs.org/undici/-/undici-7.4.0.tgz",
      "integrity": "sha512-PUQM3/es3noM24oUn10u3kNNap0AbxESOmnssmW+dOi9yGwlUSi5nTNYl3bNbTkWOF8YZDkx2tCmj9OtQ3iGGw==",
      "license": "MIT",
      "engines": {
        "node": ">=20.18.1"
      }
    }
  }
}
